
Microsoft Visual Studio Solution File, Format Version 12.00
# Visual Studio Version 16
VisualStudioVersion = 16.0.30114.105
MinimumVisualStudioVersion = 10.0.40219.1
Project("{FAE04EC0-301F-11D3-BF4B-00C04F79EFBC}") = "Domain", "Domain\Domain.csproj", "{ACAD76CD-E364-4438-BFF6-D6A885A92290}"
EndProject
Project("{FAE04EC0-301F-11D3-BF4B-00C04F79EFBC}") = "Application", "Application\Application.csproj", "{99DC6B6D-ABDD-4562-BAA0-0402DB5FC369}"
EndProject
Project("{FAE04EC0-301F-11D3-BF4B-00C04F79EFBC}") = "API", "API\API.csproj", "{B0302E30-0B57-48FB-9BFF-C342324405FF}"
EndProject
Project("{FAE04EC0-301F-11D3-BF4B-00C04F79EFBC}") = "Persistence", "Persistence\Persistence.csproj", "{F54B0780-EC64-4223-BBD6-5878B141AEAF}"
EndProject
Project("{FAE04EC0-301F-11D3-BF4B-00C04F79EFBC}") = "Infrastructure", "Infrastructure\Infrastructure.csproj", "{CA196715-7D54-426B-9351-902E6B6912FC}"
EndProject
Global
	GlobalSection(SolutionConfigurationPlatforms) = preSolution
		Debug|Any CPU = Debug|Any CPU
		Debug|x64 = Debug|x64
		Debug|x86 = Debug|x86
		Release|Any CPU = Release|Any CPU
		Release|x64 = Release|x64
		Release|x86 = Release|x86
	EndGlobalSection
	GlobalSection(SolutionProperties) = preSolution
		HideSolutionNode = FALSE
	EndGlobalSection
	GlobalSection(ProjectConfigurationPlatforms) = postSolution
		{ACAD76CD-E364-4438-BFF6-D6A885A92290}.Debug|Any CPU.ActiveCfg = Debug|Any CPU
		{ACAD76CD-E364-4438-BFF6-D6A885A92290}.Debug|Any CPU.Build.0 = Debug|Any CPU
		{ACAD76CD-E364-4438-BFF6-D6A885A92290}.Debug|x64.ActiveCfg = Debug|Any CPU
		{ACAD76CD-E364-4438-BFF6-D6A885A92290}.Debug|x64.Build.0 = Debug|Any CPU
		{ACAD76CD-E364-4438-BFF6-D6A885A92290}.Debug|x86.ActiveCfg = Debug|Any CPU
		{ACAD76CD-E364-4438-BFF6-D6A885A92290}.Debug|x86.Build.0 = Debug|Any CPU
		{ACAD76CD-E364-4438-BFF6-D6A885A92290}.Release|Any CPU.ActiveCfg = Release|Any CPU
		{ACAD76CD-E364-4438-BFF6-D6A885A92290}.Release|Any CPU.Build.0 = Release|Any CPU
		{ACAD76CD-E364-4438-BFF6-D6A885A92290}.Release|x64.ActiveCfg = Release|Any CPU
		{ACAD76CD-E364-4438-BFF6-D6A885A92290}.Release|x64.Build.0 = Release|Any CPU
		{ACAD76CD-E364-4438-BFF6-D6A885A92290}.Release|x86.ActiveCfg = Release|Any CPU
		{ACAD76CD-E364-4438-BFF6-D6A885A92290}.Release|x86.Build.0 = Release|Any CPU
		{99DC6B6D-ABDD-4562-BAA0-0402DB5FC369}.Debug|Any CPU.ActiveCfg = Debug|Any CPU
		{99DC6B6D-ABDD-4562-BAA0-0402DB5FC369}.Debug|Any CPU.Build.0 = Debug|Any CPU
		{99DC6B6D-ABDD-4562-BAA0-0402DB5FC369}.Debug|x64.ActiveCfg = Debug|Any CPU
		{99DC6B6D-ABDD-4562-BAA0-0402DB5FC369}.Debug|x64.Build.0 = Debug|Any CPU
		{99DC6B6D-ABDD-4562-BAA0-0402DB5FC369}.Debug|x86.ActiveCfg = Debug|Any CPU
		{99DC6B6D-ABDD-4562-BAA0-0402DB5FC369}.Debug|x86.Build.0 = Debug|Any CPU
		{99DC6B6D-ABDD-4562-BAA0-0402DB5FC369}.Release|Any CPU.ActiveCfg = Release|Any CPU
		{99DC6B6D-ABDD-4562-BAA0-0402DB5FC369}.Release|Any CPU.Build.0 = Release|Any CPU
		{99DC6B6D-ABDD-4562-BAA0-0402DB5FC369}.Release|x64.ActiveCfg = Release|Any CPU
		{99DC6B6D-ABDD-4562-BAA0-0402DB5FC369}.Release|x64.Build.0 = Release|Any CPU
		{99DC6B6D-ABDD-4562-BAA0-0402DB5FC369}.Release|x86.ActiveCfg = Release|Any CPU
		{99DC6B6D-ABDD-4562-BAA0-0402DB5FC369}.Release|x86.Build.0 = Release|Any CPU
		{B0302E30-0B57-48FB-9BFF-C342324405FF}.Debug|Any CPU.ActiveCfg = Debug|Any CPU
		{B0302E30-0B57-48FB-9BFF-C342324405FF}.Debug|Any CPU.Build.0 = Debug|Any CPU
		{B0302E30-0B57-48FB-9BFF-C342324405FF}.Debug|x64.ActiveCfg = Debug|Any CPU
		{B0302E30-0B57-48FB-9BFF-C342324405FF}.Debug|x64.Build.0 = Debug|Any CPU
		{B0302E30-0B57-48FB-9BFF-C342324405FF}.Debug|x86.ActiveCfg = Debug|Any CPU
		{B0302E30-0B57-48FB-9BFF-C342324405FF}.Debug|x86.Build.0 = Debug|Any CPU
		{B0302E30-0B57-48FB-9BFF-C342324405FF}.Release|Any CPU.ActiveCfg = Release|Any CPU
		{B0302E30-0B57-48FB-9BFF-C342324405FF}.Release|Any CPU.Build.0 = Release|Any CPU
		{B0302E30-0B57-48FB-9BFF-C342324405FF}.Release|x64.ActiveCfg = Release|Any CPU
		{B0302E30-0B57-48FB-9BFF-C342324405FF}.Release|x64.Build.0 = Release|Any CPU
		{B0302E30-0B57-48FB-9BFF-C342324405FF}.Release|x86.ActiveCfg = Release|Any CPU
		{B0302E30-0B57-48FB-9BFF-C342324405FF}.Release|x86.Build.0 = Release|Any CPU
		{F54B0780-EC64-4223-BBD6-5878B141AEAF}.Debug|Any CPU.ActiveCfg = Debug|Any CPU
		{F54B0780-EC64-4223-BBD6-5878B141AEAF}.Debug|Any CPU.Build.0 = Debug|Any CPU
		{F54B0780-EC64-4223-BBD6-5878B141AEAF}.Debug|x64.ActiveCfg = Debug|Any CPU
		{F54B0780-EC64-4223-BBD6-5878B141AEAF}.Debug|x64.Build.0 = Debug|Any CPU
		{F54B0780-EC64-4223-BBD6-5878B141AEAF}.Debug|x86.ActiveCfg = Debug|Any CPU
		{F54B0780-EC64-4223-BBD6-5878B141AEAF}.Debug|x86.Build.0 = Debug|Any CPU
		{F54B0780-EC64-4223-BBD6-5878B141AEAF}.Release|Any CPU.ActiveCfg = Release|Any CPU
		{F54B0780-EC64-4223-BBD6-5878B141AEAF}.Release|Any CPU.Build.0 = Release|Any CPU
		{F54B0780-EC64-4223-BBD6-5878B141AEAF}.Release|x64.ActiveCfg = Release|Any CPU
		{F54B0780-EC64-4223-BBD6-5878B141AEAF}.Release|x64.Build.0 = Release|Any CPU
		{F54B0780-EC64-4223-BBD6-5878B141AEAF}.Release|x86.ActiveCfg = Release|Any CPU
		{F54B0780-EC64-4223-BBD6-5878B141AEAF}.Release|x86.Build.0 = Release|Any CPU
		{CA196715-7D54-426B-9351-902E6B6912FC}.Debug|Any CPU.ActiveCfg = Debug|Any CPU
		{CA196715-7D54-426B-9351-902E6B6912FC}.Debug|Any CPU.Build.0 = Debug|Any CPU
		{CA196715-7D54-426B-9351-902E6B6912FC}.Debug|x64.ActiveCfg = Debug|Any CPU
		{CA196715-7D54-426B-9351-902E6B6912FC}.Debug|x64.Build.0 = Debug|Any CPU
		{CA196715-7D54-426B-9351-902E6B6912FC}.Debug|x86.ActiveCfg = Debug|Any CPU
		{CA196715-7D54-426B-9351-902E6B6912FC}.Debug|x86.Build.0 = Debug|Any CPU
		{CA196715-7D54-426B-9351-902E6B6912FC}.Release|Any CPU.ActiveCfg = Release|Any CPU
		{CA196715-7D54-426B-9351-902E6B6912FC}.Release|Any CPU.Build.0 = Release|Any CPU
		{CA196715-7D54-426B-9351-902E6B6912FC}.Release|x64.ActiveCfg = Release|Any CPU
		{CA196715-7D54-426B-9351-902E6B6912FC}.Release|x64.Build.0 = Release|Any CPU
		{CA196715-7D54-426B-9351-902E6B6912FC}.Release|x86.ActiveCfg = Release|Any CPU
		{CA196715-7D54-426B-9351-902E6B6912FC}.Release|x86.Build.0 = Release|Any CPU
	EndGlobalSection
EndGlobal
